
Microsoft Visual Studio Solution File, Format Version 12.00
# Visual Studio Version 17
VisualStudioVersion = 17.7.34024.191
MinimumVisualStudioVersion = 10.0.40219.1
Project("{FAE04EC0-301F-11D3-BF4B-00C04F79EFBC}") = "CrudRepository", "CrudRepository\CrudRepository.csproj", "{0B1B9684-31A4-47BB-9F2F-71D28E33422F}"
EndProject
Global
	GlobalSection(SolutionConfigurationPlatforms) = preSolution
		Debug|Any CPU = Debug|Any CPU
		Release|Any CPU = Release|Any CPU
	EndGlobalSection
	GlobalSection(ProjectConfigurationPlatforms) = postSolution
		{0B1B9684-31A4-47BB-9F2F-71D28E33422F}.Debug|Any CPU.ActiveCfg = Debug|Any CPU
		{0B1B9684-31A4-47BB-9F2F-71D28E33422F}.Debug|Any CPU.Build.0 = Debug|Any CPU
		{0B1B9684-31A4-47BB-9F2F-71D28E33422F}.Release|Any CPU.ActiveCfg = Release|Any CPU
		{0B1B9684-31A4-47BB-9F2F-71D28E33422F}.Release|Any CPU.Build.0 = Release|Any CPU
	EndGlobalSection
	GlobalSection(SolutionProperties) = preSolution
		HideSolutionNode = FALSE
	EndGlobalSection
	GlobalSection(ExtensibilityGlobals) = postSolution
		SolutionGuid = {41E806F2-76FD-484A-B18D-6AE42A97CD41}
	EndGlobalSection
EndGlobal
